// !$*UTF8*$!
{
	archiveVersion = 1;
	classes = {
	};
	objectVersion = 46;
	objects = {

/* Begin PBXBuildFile section */
		A32990E11E83F610004E9D03 /* main.m in Sources */ = {isa = PBXBuildFile; fileRef = A32990E01E83F610004E9D03 /* main.m */; };
		A32990E41E83F610004E9D03 /* AppDelegate.m in Sources */ = {isa = PBXBuildFile; fileRef = A32990E31E83F610004E9D03 /* AppDelegate.m */; };
		A32990E71E83F610004E9D03 /* ViewController.m in Sources */ = {isa = PBXBuildFile; fileRef = A32990E61E83F610004E9D03 /* ViewController.m */; };
		A32990EA1E83F610004E9D03 /* Main.storyboard in Resources */ = {isa = PBXBuildFile; fileRef = A32990E81E83F610004E9D03 /* Main.storyboard */; };
		A32990EC1E83F610004E9D03 /* Assets.xcassets in Resources */ = {isa = PBXBuildFile; fileRef = A32990EB1E83F610004E9D03 /* Assets.xcassets */; };
		A32990EF1E83F610004E9D03 /* LaunchScreen.storyboard in Resources */ = {isa = PBXBuildFile; fileRef = A32990ED1E83F610004E9D03 /* LaunchScreen.storyboard */; };
		A32990FA1E83F610004E9D03 /* SNStatusBarHUDExampleTests.m in Sources */ = {isa = PBXBuildFile; fileRef = A32990F91E83F610004E9D03 /* SNStatusBarHUDExampleTests.m */; };
		A32991051E83F610004E9D03 /* SNStatusBarHUDExampleUITests.m in Sources */ = {isa = PBXBuildFile; fileRef = A32991041E83F610004E9D03 /* SNStatusBarHUDExampleUITests.m */; };
		A3F027631E83FACD008A6472 /* SNStatusBarHUD.bundle in Resources */ = {isa = PBXBuildFile; fileRef = A3F027601E83FACD008A6472 /* SNStatusBarHUD.bundle */; };
		A3F027641E83FACD008A6472 /* SNStatusBarHUD.m in Sources */ = {isa = PBXBuildFile; fileRef = A3F027621E83FACD008A6472 /* SNStatusBarHUD.m */; };
/* End PBXBuildFile section */

/* Begin PBXContainerItemProxy section */
		A32990F61E83F610004E9D03 /* PBXContainerItemProxy */ = {
			isa = PBXContainerItemProxy;
			containerPortal = A32990D41E83F610004E9D03 /* Project object */;
			proxyType = 1;
			remoteGlobalIDString = A32990DB1E83F610004E9D03;
			remoteInfo = SNStatusBarHUDExample;
		};
		A32991011E83F610004E9D03 /* PBXContainerItemProxy */ = {
			isa = PBXContainerItemProxy;
			containerPortal = A32990D41E83F610004E9D03 /* Project object */;
			proxyType = 1;
			remoteGlobalIDString = A32990DB1E83F610004E9D03;
			remoteInfo = SNStatusBarHUDExample;
		};
/* End PBXContainerItemProxy section */

/* Begin PBXFileReference section */
		A32990DC1E83F610004E9D03 /* SNStatusBarHUDExample.app */ = {isa = PBXFileReference; explicitFileType = wrapper.application; includeInIndex = 0; path = SNStatusBarHUDExample.app; sourceTree = BUILT_PRODUCTS_DIR; };
		A32990E01E83F610004E9D03 /* main.m */ = {isa = PBXFileReference; lastKnownFileType = sourcecode.c.objc; path = main.m; sourceTree = "<group>"; };
		A32990E21E83F610004E9D03 /* AppDelegate.h */ = {isa = PBXFileReference; lastKnownFileType = sourcecode.c.h; path = AppDelegate.h; sourceTree = "<group>"; };
		A32990E31E83F610004E9D03 /* AppDelegate.m */ = {isa = PBXFileReference; lastKnownFileType = sourcecode.c.objc; path = AppDelegate.m; sourceTree = "<group>"; };
		A32990E51E83F610004E9D03 /* ViewController.h */ = {isa = PBXFileReference; lastKnownFileType = sourcecode.c.h; path = ViewController.h; sourceTree = "<group>"; };
		A32990E61E83F610004E9D03 /* ViewController.m */ = {isa = PBXFileReference; lastKnownFileType = sourcecode.c.objc; path = ViewController.m; sourceTree = "<group>"; };
		A32990E91E83F610004E9D03 /* Base */ = {isa = PBXFileReference; lastKnownFileType = file.storyboard; name = Base; path = Base.lproj/Main.storyboard; sourceTree = "<group>"; };
		A32990EB1E83F610004E9D03 /* Assets.xcassets */ = {isa = PBXFileReference; lastKnownFileType = folder.assetcatalog; path = Assets.xcassets; sourceTree = "<group>"; };
		A32990EE1E83F610004E9D03 /* Base */ = {isa = PBXFileReference; lastKnownFileType = file.storyboard; name = Base; path = Base.lproj/LaunchScreen.storyboard; sourceTree = "<group>"; };
		A32990F01E83F610004E9D03 /* Info.plist */ = {isa = PBXFileReference; lastKnownFileType = text.plist.xml; path = Info.plist; sourceTree = "<group>"; };
		A32990F51E83F610004E9D03 /* SNStatusBarHUDExampleTests.xctest */ = {isa = PBXFileReference; explicitFileType = wrapper.cfbundle; includeInIndex = 0; path = SNStatusBarHUDExampleTests.xctest; sourceTree = BUILT_PRODUCTS_DIR; };
		A32990F91E83F610004E9D03 /* SNStatusBarHUDExampleTests.m */ = {isa = PBXFileReference; lastKnownFileType = sourcecode.c.objc; path = SNStatusBarHUDExampleTests.m; sourceTree = "<group>"; };
		A32990FB1E83F610004E9D03 /* Info.plist */ = {isa = PBXFileReference; lastKnownFileType = text.plist.xml; path = Info.plist; sourceTree = "<group>"; };
		A32991001E83F610004E9D03 /* SNStatusBarHUDExampleUITests.xctest */ = {isa = PBXFileReference; explicitFileType = wrapper.cfbundle; includeInIndex = 0; path = SNStatusBarHUDExampleUITests.xctest; sourceTree = BUILT_PRODUCTS_DIR; };
		A32991041E83F610004E9D03 /* SNStatusBarHUDExampleUITests.m */ = {isa = PBXFileReference; lastKnownFileType = sourcecode.c.objc; path = SNStatusBarHUDExampleUITests.m; sourceTree = "<group>"; };
		A32991061E83F610004E9D03 /* Info.plist */ = {isa = PBXFileReference; lastKnownFileType = text.plist.xml; path = Info.plist; sourceTree = "<group>"; };
		A3F027601E83FACD008A6472 /* SNStatusBarHUD.bundle */ = {isa = PBXFileReference; lastKnownFileType = "wrapper.plug-in"; path = SNStatusBarHUD.bundle; sourceTree = "<group>"; };
		A3F027611E83FACD008A6472 /* SNStatusBarHUD.h */ = {isa = PBXFileReference; fileEncoding = 4; lastKnownFileType = sourcecode.c.h; path = SNStatusBarHUD.h; sourceTree = "<group>"; };
		A3F027621E83FACD008A6472 /* SNStatusBarHUD.m */ = {isa = PBXFileReference; fileEncoding = 4; lastKnownFileType = sourcecode.c.objc; path = SNStatusBarHUD.m; sourceTree = "<group>"; };
/* End PBXFileReference section */

/* Begin PBXFrameworksBuildPhase section */
		A32990D91E83F610004E9D03 /* Frameworks */ = {
			isa = PBXFrameworksBuildPhase;
			buildActionMask = 2147483647;
			files = (
			);
			runOnlyForDeploymentPostprocessing = 0;
		};
		A32990F21E83F610004E9D03 /* Frameworks */ = {
			isa = PBXFrameworksBuildPhase;
			buildActionMask = 2147483647;
			files = (
			);
			runOnlyForDeploymentPostprocessing = 0;
		};
		A32990FD1E83F610004E9D03 /* Frameworks */ = {
			isa = PBXFrameworksBuildPhase;
			buildActionMask = 2147483647;
			files = (
			);
			runOnlyForDeploymentPostprocessing = 0;
		};
/* End PBXFrameworksBuildPhase section */

/* Begin PBXGroup section */
		A32990D31E83F610004E9D03 = {
			isa = PBXGroup;
			children = (
				A32990DE1E83F610004E9D03 /* SNStatusBarHUDExample */,
				A32990F81E83F610004E9D03 /* SNStatusBarHUDExampleTests */,
				A32991031E83F610004E9D03 /* SNStatusBarHUDExampleUITests */,
				A32990DD1E83F610004E9D03 /* Products */,
			);
			sourceTree = "<group>";
		};
		A32990DD1E83F610004E9D03 /* Products */ = {
			isa = PBXGroup;
			children = (
				A32990DC1E83F610004E9D03 /* SNStatusBarHUDExample.app */,
				A32990F51E83F610004E9D03 /* SNStatusBarHUDExampleTests.xctest */,
				A32991001E83F610004E9D03 /* SNStatusBarHUDExampleUITests.xctest */,
			);
			name = Products;
			sourceTree = "<group>";
		};
		A32990DE1E83F610004E9D03 /* SNStatusBarHUDExample */ = {
			isa = PBXGroup;
			children = (
				A3F0275F1E83FACD008A6472 /* SNStatusBarHUD */,
				A32990E21E83F610004E9D03 /* AppDelegate.h */,
				A32990E31E83F610004E9D03 /* AppDelegate.m */,
				A32990E51E83F610004E9D03 /* ViewController.h */,
				A32990E61E83F610004E9D03 /* ViewController.m */,
				A32990E81E83F610004E9D03 /* Main.storyboard */,
				A32990EB1E83F610004E9D03 /* Assets.xcassets */,
				A32990ED1E83F610004E9D03 /* LaunchScreen.storyboard */,
				A32990F01E83F610004E9D03 /* Info.plist */,
				A32990DF1E83F610004E9D03 /* Supporting Files */,
			);
			path = SNStatusBarHUDExample;
			sourceTree = "<group>";
		};
		A32990DF1E83F610004E9D03 /* Supporting Files */ = {
			isa = PBXGroup;
			children = (
				A32990E01E83F610004E9D03 /* main.m */,
			);
			name = "Supporting Files";
			sourceTree = "<group>";
		};
		A32990F81E83F610004E9D03 /* SNStatusBarHUDExampleTests */ = {
			isa = PBXGroup;
			children = (
				A32990F91E83F610004E9D03 /* SNStatusBarHUDExampleTests.m */,
				A32990FB1E83F610004E9D03 /* Info.plist */,
			);
			path = SNStatusBarHUDExampleTests;
			sourceTree = "<group>";
		};
		A32991031E83F610004E9D03 /* SNStatusBarHUDExampleUITests */ = {
			isa = PBXGroup;
			children = (
				A32991041E83F610004E9D03 /* SNStatusBarHUDExampleUITests.m */,
				A32991061E83F610004E9D03 /* Info.plist */,
			);
			path = SNStatusBarHUDExampleUITests;
			sourceTree = "<group>";
		};
		A3F0275F1E83FACD008A6472 /* SNStatusBarHUD */ = {
			isa = PBXGroup;
			children = (
				A3F027601E83FACD008A6472 /* SNStatusBarHUD.bundle */,
				A3F027611E83FACD008A6472 /* SNStatusBarHUD.h */,
				A3F027621E83FACD008A6472 /* SNStatusBarHUD.m */,
			);
			name = SNStatusBarHUD;
			path = ../../SNStatusBarHUD;
			sourceTree = "<group>";
		};
/* End PBXGroup section */

/* Begin PBXNativeTarget section */
		A32990DB1E83F610004E9D03 /* SNStatusBarHUDExample */ = {
			isa = PBXNativeTarget;
			buildConfigurationList = A32991091E83F610004E9D03 /* Build configuration list for PBXNativeTarget "SNStatusBarHUDExample" */;
			buildPhases = (
				A32990D81E83F610004E9D03 /* Sources */,
				A32990D91E83F610004E9D03 /* Frameworks */,
				A32990DA1E83F610004E9D03 /* Resources */,
			);
			buildRules = (
			);
			dependencies = (
			);
			name = SNStatusBarHUDExample;
			productName = SNStatusBarHUDExample;
			productReference = A32990DC1E83F610004E9D03 /* SNStatusBarHUDExample.app */;
			productType = "com.apple.product-type.application";
		};
		A32990F41E83F610004E9D03 /* SNStatusBarHUDExampleTests */ = {
			isa = PBXNativeTarget;
			buildConfigurationList = A329910C1E83F610004E9D03 /* Build configuration list for PBXNativeTarget "SNStatusBarHUDExampleTests" */;
			buildPhases = (
				A32990F11E83F610004E9D03 /* Sources */,
				A32990F21E83F610004E9D03 /* Frameworks */,
				A32990F31E83F610004E9D03 /* Resources */,
			);
			buildRules = (
			);
			dependencies = (
				A32990F71E83F610004E9D03 /* PBXTargetDependency */,
			);
			name = SNStatusBarHUDExampleTests;
			productName = SNStatusBarHUDExampleTests;
			productReference = A32990F51E83F610004E9D03 /* SNStatusBarHUDExampleTests.xctest */;
			productType = "com.apple.product-type.bundle.unit-test";
		};
		A32990FF1E83F610004E9D03 /* SNStatusBarHUDExampleUITests */ = {
			isa = PBXNativeTarget;
			buildConfigurationList = A329910F1E83F610004E9D03 /* Build configuration list for PBXNativeTarget "SNStatusBarHUDExampleUITests" */;
			buildPhases = (
				A32990FC1E83F610004E9D03 /* Sources */,
				A32990FD1E83F610004E9D03 /* Frameworks */,
				A32990FE1E83F610004E9D03 /* Resources */,
			);
			buildRules = (
			);
			dependencies = (
				A32991021E83F610004E9D03 /* PBXTargetDependency */,
			);
			name = SNStatusBarHUDExampleUITests;
			productName = SNStatusBarHUDExampleUITests;
			productReference = A32991001E83F610004E9D03 /* SNStatusBarHUDExampleUITests.xctest */;
			productType = "com.apple.product-type.bundle.ui-testing";
		};
/* End PBXNativeTarget section */

/* Begin PBXProject section */
		A32990D41E83F610004E9D03 /* Project object */ = {
			isa = PBXProject;
			attributes = {
				LastUpgradeCheck = 0820;
				ORGANIZATIONNAME = Sunny;
				TargetAttributes = {
					A32990DB1E83F610004E9D03 = {
						CreatedOnToolsVersion = 8.2.1;
						ProvisioningStyle = Automatic;
					};
					A32990F41E83F610004E9D03 = {
						CreatedOnToolsVersion = 8.2.1;
						ProvisioningStyle = Automatic;
						TestTargetID = A32990DB1E83F610004E9D03;
					};
					A32990FF1E83F610004E9D03 = {
						CreatedOnToolsVersion = 8.2.1;
						ProvisioningStyle = Automatic;
						TestTargetID = A32990DB1E83F610004E9D03;
					};
				};
			};
			buildConfigurationList = A32990D71E83F610004E9D03 /* Build configuration list for PBXProject "SNStatusBarHUDExample" */;
			compatibilityVersion = "Xcode 3.2";
			developmentRegion = English;
			hasScannedForEncodings = 0;
			knownRegions = (
				en,
				Base,
			);
			mainGroup = A32990D31E83F610004E9D03;
			productRefGroup = A32990DD1E83F610004E9D03 /* Products */;
			projectDirPath = "";
			projectRoot = "";
			targets = (
				A32990DB1E83F610004E9D03 /* SNStatusBarHUDExample */,
				A32990F41E83F610004E9D03 /* SNStatusBarHUDExampleTests */,
				A32990FF1E83F610004E9D03 /* SNStatusBarHUDExampleUITests */,
			);
		};
/* End PBXProject section */

/* Begin PBXResourcesBuildPhase section */
		A32990DA1E83F610004E9D03 /* Resources */ = {
			isa = PBXResourcesBuildPhase;
			buildActionMask = 2147483647;
			files = (
				A3F027631E83FACD008A6472 /* SNStatusBarHUD.bundle in Resources */,
				A32990EF1E83F610004E9D03 /* LaunchScreen.storyboard in Resources */,
				A32990EC1E83F610004E9D03 /* Assets.xcassets in Resources */,
				A32990EA1E83F610004E9D03 /* Main.storyboard in Resources */,
			);
			runOnlyForDeploymentPostprocessing = 0;
		};
		A32990F31E83F610004E9D03 /* Resources */ = {
			isa = PBXResourcesBuildPhase;
			buildActionMask = 2147483647;
			files = (
			);
			runOnlyForDeploymentPostprocessing = 0;
		};
		A32990FE1E83F610004E9D03 /* Resources */ = {
			isa = PBXResourcesBuildPhase;
			buildActionMask = 2147483647;
			files = (
			);
			runOnlyForDeploymentPostprocessing = 0;
		};
/* End PBXResourcesBuildPhase section */

/* Begin PBXSourcesBuildPhase section */
		A32990D81E83F610004E9D03 /* Sources */ = {
			isa = PBXSourcesBuildPhase;
			buildActionMask = 2147483647;
			files = (
				A32990E71E83F610004E9D03 /* ViewController.m in Sources */,
				A32990E41E83F610004E9D03 /* AppDelegate.m in Sources */,
				A3F027641E83FACD008A6472 /* SNStatusBarHUD.m in Sources */,
				A32990E11E83F610004E9D03 /* main.m in Sources */,
			);
			runOnlyForDeploymentPostprocessing = 0;
		};
		A32990F11E83F610004E9D03 /* Sources */ = {
			isa = PBXSourcesBuildPhase;
			buildActionMask = 2147483647;
			files = (
				A32990FA1E83F610004E9D03 /* SNStatusBarHUDExampleTests.m in Sources */,
			);
			runOnlyForDeploymentPostprocessing = 0;
		};
		A32990FC1E83F610004E9D03 /* Sources */ = {
			isa = PBXSourcesBuildPhase;
			buildActionMask = 2147483647;
			files = (
				A32991051E83F610004E9D03 /* SNStatusBarHUDExampleUITests.m in Sources */,
			);
			runOnlyForDeploymentPostprocessing = 0;
		};
/* End PBXSourcesBuildPhase section */

/* Begin PBXTargetDependency section */
		A32990F71E83F610004E9D03 /* PBXTargetDependency */ = {
			isa = PBXTargetDependency;
			target = A32990DB1E83F610004E9D03 /* SNStatusBarHUDExample */;
			targetProxy = A32990F61E83F610004E9D03 /* PBXContainerItemProxy */;
		};
		A32991021E83F610004E9D03 /* PBXTargetDependency */ = {
			isa = PBXTargetDependency;
			target = A32990DB1E83F610004E9D03 /* SNStatusBarHUDExample */;
			targetProxy = A32991011E83F610004E9D03 /* PBXContainerItemProxy */;
		};
/* End PBXTargetDependency section */

/* Begin PBXVariantGroup section */
		A32990E81E83F610004E9D03 /* Main.storyboard */ = {
			isa = PBXVariantGroup;
			children = (
				A32990E91E83F610004E9D03 /* Base */,
			);
			name = Main.storyboard;
			sourceTree = "<group>";
		};
		A32990ED1E83F610004E9D03 /* LaunchScreen.storyboard */ = {
			isa = PBXVariantGroup;
			children = (
				A32990EE1E83F610004E9D03 /* Base */,
			);
			name = LaunchScreen.storyboard;
			sourceTree = "<group>";
		};
/* End PBXVariantGroup section */

/* Begin XCBuildConfiguration section */
		A32991071E83F610004E9D03 /* Debug */ = {
			isa = XCBuildConfiguration;
			buildSettings = {
				ALWAYS_SEARCH_USER_PATHS = NO;
				CLANG_ANALYZER_NONNULL = YES;
				CLANG_CXX_LANGUAGE_STANDARD = "gnu++0x";
				CLANG_CXX_LIBRARY = "libc++";
				CLANG_ENABLE_MODULES = YES;
				CLANG_ENABLE_OBJC_ARC = YES;
				CLANG_WARN_BOOL_CONVERSION = YES;
				CLANG_WARN_CONSTANT_CONVERSION = YES;
				CLANG_WARN_DIRECT_OBJC_ISA_USAGE = YES_ERROR;
				CLANG_WARN_DOCUMENTATION_COMMENTS = YES;
				CLANG_WARN_EMPTY_BODY = YES;
				CLANG_WARN_ENUM_CONVERSION = YES;
				CLANG_WARN_INFINITE_RECURSION = YES;
				CLANG_WARN_INT_CONVERSION = YES;
				CLANG_WARN_OBJC_ROOT_CLASS = YES_ERROR;
				CLANG_WARN_SUSPICIOUS_MOVE = YES;
				CLANG_WARN_UNREACHABLE_CODE = YES;
				CLANG_WARN__DUPLICATE_METHOD_MATCH = YES;
				"CODE_SIGN_IDENTITY[sdk=iphoneos*]" = "iPhone Developer";
				COPY_PHASE_STRIP = NO;
				DEBUG_INFORMATION_FORMAT = dwarf;
				ENABLE_STRICT_OBJC_MSGSEND = YES;
				ENABLE_TESTABILITY = YES;
				GCC_C_LANGUAGE_STANDARD = gnu99;
				GCC_DYNAMIC_NO_PIC = NO;
				GCC_NO_COMMON_BLOCKS = YES;
				GCC_OPTIMIZATION_LEVEL = 0;
				GCC_PREPROCESSOR_DEFINITIONS = (
					"DEBUG=1",
					"$(inherited)",
				);
				GCC_WARN_64_TO_32_BIT_CONVERSION = YES;
				GCC_WARN_ABOUT_RETURN_TYPE = YES_ERROR;
				GCC_WARN_UNDECLARED_SELECTOR = YES;
				GCC_WARN_UNINITIALIZED_AUTOS = YES_AGGRESSIVE;
				GCC_WARN_UNUSED_FUNCTION = YES;
				GCC_WARN_UNUSED_VARIABLE = YES;
				IPHONEOS_DEPLOYMENT_TARGET = 10.2;
				MTL_ENABLE_DEBUG_INFO = YES;
				ONLY_ACTIVE_ARCH = YES;
				SDKROOT = iphoneos;
				TARGETED_DEVICE_FAMILY = "1,2";
			};
			name = Debug;
		};
		A32991081E83F610004E9D03 /* Release */ = {
			isa = XCBuildConfiguration;
			buildSettings = {
				ALWAYS_SEARCH_USER_PATHS = NO;
				CLANG_ANALYZER_NONNULL = YES;
				CLANG_CXX_LANGUAGE_STANDARD = "gnu++0x";
				CLANG_CXX_LIBRARY = "libc++";
				CLANG_ENABLE_MODULES = YES;
				CLANG_ENABLE_OBJC_ARC = YES;
				CLANG_WARN_BOOL_CONVERSION = YES;
				CLANG_WARN_CONSTANT_CONVERSION = YES;
				CLANG_WARN_DIRECT_OBJC_ISA_USAGE = YES_ERROR;
				CLANG_WARN_DOCUMENTATION_COMMENTS = YES;
				CLANG_WARN_EMPTY_BODY = YES;
				CLANG_WARN_ENUM_CONVERSION = YES;
				CLANG_WARN_INFINITE_RECURSION = YES;
				CLANG_WARN_INT_CONVERSION = YES;
				CLANG_WARN_OBJC_ROOT_CLASS = YES_ERROR;
				CLANG_WARN_SUSPICIOUS_MOVE = YES;
				CLANG_WARN_UNREACHABLE_CODE = YES;
				CLANG_WARN__DUPLICATE_METHOD_MATCH = YES;
				"CODE_SIGN_IDENTITY[sdk=iphoneos*]" = "iPhone Developer";
				COPY_PHASE_STRIP = NO;
				DEBUG_INFORMATION_FORMAT = "dwarf-with-dsym";
				ENABLE_NS_ASSERTIONS = NO;
				ENABLE_STRICT_OBJC_MSGSEND = YES;
				GCC_C_LANGUAGE_STANDARD = gnu99;
				GCC_NO_COMMON_BLOCKS = YES;
				GCC_WARN_64_TO_32_BIT_CONVERSION = YES;
				GCC_WARN_ABOUT_RETURN_TYPE = YES_ERROR;
				GCC_WARN_UNDECLARED_SELECTOR = YES;
				GCC_WARN_UNINITIALIZED_AUTOS = YES_AGGRESSIVE;
				GCC_WARN_UNUSED_FUNCTION = YES;
				GCC_WARN_UNUSED_VARIABLE = YES;
				IPHONEOS_DEPLOYMENT_TARGET = 10.2;
				MTL_ENABLE_DEBUG_INFO = NO;
				SDKROOT = iphoneos;
				TARGETED_DEVICE_FAMILY = "1,2";
				VALIDATE_PRODUCT = YES;
			};
			name = Release;
		};
		A329910A1E83F610004E9D03 /* Debug */ = {
			isa = XCBuildConfiguration;
			buildSettings = {
				ASSETCATALOG_COMPILER_APPICON_NAME = AppIcon;
				INFOPLIST_FILE = SNStatusBarHUDExample/Info.plist;
				LD_RUNPATH_SEARCH_PATHS = "$(inherited) @executable_path/Frameworks";
				PRODUCT_BUNDLE_IDENTIFIER = com.sunny.SNStatusBarHUDExample;
				PRODUCT_NAME = "$(TARGET_NAME)";
			};
			name = Debug;
		};
		A329910B1E83F610004E9D03 /* Release */ = {
			isa = XCBuildConfiguration;
			buildSettings = {
				ASSETCATALOG_COMPILER_APPICON_NAME = AppIcon;
				INFOPLIST_FILE = SNStatusBarHUDExample/Info.plist;
				LD_RUNPATH_SEARCH_PATHS = "$(inherited) @executable_path/Frameworks";
				PRODUCT_BUNDLE_IDENTIFIER = com.sunny.SNStatusBarHUDExample;
				PRODUCT_NAME = "$(TARGET_NAME)";
			};
			name = Release;
		};
		A329910D1E83F610004E9D03 /* Debug */ = {
			isa = XCBuildConfiguration;
			buildSettings = {
				BUNDLE_LOADER = "$(TEST_HOST)";
				INFOPLIST_FILE = SNStatusBarHUDExampleTests/Info.plist;
				LD_RUNPATH_SEARCH_PATHS = "$(inherited) @executable_path/Frameworks @loader_path/Frameworks";
				PRODUCT_BUNDLE_IDENTIFIER = com.sunny.SNStatusBarHUDExampleTests;
				PRODUCT_NAME = "$(TARGET_NAME)";
				TEST_HOST = "$(BUILT_PRODUCTS_DIR)/SNStatusBarHUDExample.app/SNStatusBarHUDExample";
			};
			name = Debug;
		};
		A329910E1E83F610004E9D03 /* Release */ = {
			isa = XCBuildConfiguration;
			buildSettings = {
				BUNDLE_LOADER = "$(TEST_HOST)";
				INFOPLIST_FILE = SNStatusBarHUDExampleTests/Info.plist;
				LD_RUNPATH_SEARCH_PATHS = "$(inherited) @executable_path/Frameworks @loader_path/Frameworks";
				PRODUCT_BUNDLE_IDENTIFIER = com.sunny.SNStatusBarHUDExampleTests;
				PRODUCT_NAME = "$(TARGET_NAME)";
				TEST_HOST = "$(BUILT_PRODUCTS_DIR)/SNStatusBarHUDExample.app/SNStatusBarHUDExample";
			};
			name = Release;
		};
		A32991101E83F610004E9D03 /* Debug */ = {
			isa = XCBuildConfiguration;
			buildSettings = {
				INFOPLIST_FILE = SNStatusBarHUDExampleUITests/Info.plist;
				LD_RUNPATH_SEARCH_PATHS = "$(inherited) @executable_path/Frameworks @loader_path/Frameworks";
				PRODUCT_BUNDLE_IDENTIFIER = com.sunny.SNStatusBarHUDExampleUITests;
				PRODUCT_NAME = "$(TARGET_NAME)";
				TEST_TARGET_NAME = SNStatusBarHUDExample;
			};
			name = Debug;
		};
		A32991111E83F610004E9D03 /* Release */ = {
			isa = XCBuildConfiguration;
			buildSettings = {
				INFOPLIST_FILE = SNStatusBarHUDExampleUITests/Info.plist;
				LD_RUNPATH_SEARCH_PATHS = "$(inherited) @executable_path/Frameworks @loader_path/Frameworks";
				PRODUCT_BUNDLE_IDENTIFIER = com.sunny.SNStatusBarHUDExampleUITests;
				PRODUCT_NAME = "$(TARGET_NAME)";
				TEST_TARGET_NAME = SNStatusBarHUDExample;
			};
			name = Release;
		};
/* End XCBuildConfiguration section */

/* Begin XCConfigurationList section */
		A32990D71E83F610004E9D03 /* Build configuration list for PBXProject "SNStatusBarHUDExample" */ = {
			isa = XCConfigurationList;
			buildConfigurations = (
				A32991071E83F610004E9D03 /* Debug */,
				A32991081E83F610004E9D03 /* Release */,
			);
			defaultConfigurationIsVisible = 0;
			defaultConfigurationName = Release;
		};
		A32991091E83F610004E9D03 /* Build configuration list for PBXNativeTarget "SNStatusBarHUDExample" */ = {
			isa = XCConfigurationList;
			buildConfigurations = (
				A329910A1E83F610004E9D03 /* Debug */,
				A329910B1E83F610004E9D03 /* Release */,
			);
			defaultConfigurationIsVisible = 0;
			defaultConfigurationName = Release;
		};
		A329910C1E83F610004E9D03 /* Build configuration list for PBXNativeTarget "SNStatusBarHUDExampleTests" */ = {
			isa = XCConfigurationList;
			buildConfigurations = (
				A329910D1E83F610004E9D03 /* Debug */,
				A329910E1E83F610004E9D03 /* Release */,
			);
			defaultConfigurationIsVisible = 0;
			defaultConfigurationName = Release;
		};
		A329910F1E83F610004E9D03 /* Build configuration list for PBXNativeTarget "SNStatusBarHUDExampleUITests" */ = {
			isa = XCConfigurationList;
			buildConfigurations = (
				A32991101E83F610004E9D03 /* Debug */,
				A32991111E83F610004E9D03 /* Release */,
			);
			defaultConfigurationIsVisible = 0;
			defaultConfigurationName = Release;
		};
/* End XCConfigurationList section */
	};
	rootObject = A32990D41E83F610004E9D03 /* Project object */;
}
